
Microsoft Visual Studio Solution File, Format Version 12.00
# Visual Studio Version 17
VisualStudioVersion = 17.12.35707.178
MinimumVisualStudioVersion = 10.0.40219.1
Project("{2150E333-8FDC-42A3-9474-1A3956D46DE8}") = "Eshop.Application", "Eshop.Application", "{E693A707-3546-4D82-B2DA-F3FD5FB74BFF}"
EndProject
Project("{2150E333-8FDC-42A3-9474-1A3956D46DE8}") = "Eshop.Data", "Eshop.Data", "{B1AC25A3-B082-4AF0-AA5C-775B36ABAEC2}"
EndProject
Project("{2150E333-8FDC-42A3-9474-1A3956D46DE8}") = "Eshop.Web", "Eshop.Web", "{4D1C84E3-CB7A-496C-9A10-35AFB8BBA38E}"
EndProject
Project("{FAE04EC0-301F-11D3-BF4B-00C04F79EFBC}") = "Eshop.Application", "Eshop.Application\Eshop.Application.csproj", "{CE4540F4-7F28-4119-8E44-9B6DE70A97F2}"
EndProject
Project("{FAE04EC0-301F-11D3-BF4B-00C04F79EFBC}") = "Eshop.Data", "Eshop.Data\Eshop.Data.csproj", "{3642CEE0-6831-4383-AE77-31B8D0224815}"
EndProject
Project("{FAE04EC0-301F-11D3-BF4B-00C04F79EFBC}") = "Eshop.Web", "Eshop.Web\Eshop.Web.csproj", "{452A73D0-5035-4A69-A4F1-2C4719CD4F9B}"
EndProject
Global
	GlobalSection(SolutionConfigurationPlatforms) = preSolution
		Debug|Any CPU = Debug|Any CPU
		Release|Any CPU = Release|Any CPU
	EndGlobalSection
	GlobalSection(ProjectConfigurationPlatforms) = postSolution
		{CE4540F4-7F28-4119-8E44-9B6DE70A97F2}.Debug|Any CPU.ActiveCfg = Debug|Any CPU
		{CE4540F4-7F28-4119-8E44-9B6DE70A97F2}.Debug|Any CPU.Build.0 = Debug|Any CPU
		{CE4540F4-7F28-4119-8E44-9B6DE70A97F2}.Release|Any CPU.ActiveCfg = Release|Any CPU
		{CE4540F4-7F28-4119-8E44-9B6DE70A97F2}.Release|Any CPU.Build.0 = Release|Any CPU
		{3642CEE0-6831-4383-AE77-31B8D0224815}.Debug|Any CPU.ActiveCfg = Debug|Any CPU
		{3642CEE0-6831-4383-AE77-31B8D0224815}.Debug|Any CPU.Build.0 = Debug|Any CPU
		{3642CEE0-6831-4383-AE77-31B8D0224815}.Release|Any CPU.ActiveCfg = Release|Any CPU
		{3642CEE0-6831-4383-AE77-31B8D0224815}.Release|Any CPU.Build.0 = Release|Any CPU
		{452A73D0-5035-4A69-A4F1-2C4719CD4F9B}.Debug|Any CPU.ActiveCfg = Debug|Any CPU
		{452A73D0-5035-4A69-A4F1-2C4719CD4F9B}.Debug|Any CPU.Build.0 = Debug|Any CPU
		{452A73D0-5035-4A69-A4F1-2C4719CD4F9B}.Release|Any CPU.ActiveCfg = Release|Any CPU
		{452A73D0-5035-4A69-A4F1-2C4719CD4F9B}.Release|Any CPU.Build.0 = Release|Any CPU
	EndGlobalSection
	GlobalSection(SolutionProperties) = preSolution
		HideSolutionNode = FALSE
	EndGlobalSection
	GlobalSection(NestedProjects) = preSolution
		{CE4540F4-7F28-4119-8E44-9B6DE70A97F2} = {E693A707-3546-4D82-B2DA-F3FD5FB74BFF}
		{3642CEE0-6831-4383-AE77-31B8D0224815} = {B1AC25A3-B082-4AF0-AA5C-775B36ABAEC2}
		{452A73D0-5035-4A69-A4F1-2C4719CD4F9B} = {4D1C84E3-CB7A-496C-9A10-35AFB8BBA38E}
	EndGlobalSection
EndGlobal
